// !$*UTF8*$!
{
	archiveVersion = 1;
	classes = {
	};
	objectVersion = 51;
	objects = {

/* Begin PBXBuildFile section */
		1F92E6511F03EDB591696172 /* Pods_movieSearch.framework in Frameworks */ = {isa = PBXBuildFile; fileRef = AA04F69B0900BD69AE5CF9F4 /* Pods_movieSearch.framework */; };
		330D892626B24E3500710A88 /* MovieSearchModel.swift in Sources */ = {isa = PBXBuildFile; fileRef = 330D892526B24E3500710A88 /* MovieSearchModel.swift */; };
		330D892826B2817500710A88 /* MovieTableViewCell.swift in Sources */ = {isa = PBXBuildFile; fileRef = 330D892726B2817500710A88 /* MovieTableViewCell.swift */; };
		330D892A26B28D9F00710A88 /* Role.swift in Sources */ = {isa = PBXBuildFile; fileRef = 330D892926B28D9F00710A88 /* Role.swift */; };
		33EDCC5326B17A9600F508E9 /* AppDelegate.swift in Sources */ = {isa = PBXBuildFile; fileRef = 33EDCC5226B17A9600F508E9 /* AppDelegate.swift */; };
		33EDCC5526B17A9600F508E9 /* SceneDelegate.swift in Sources */ = {isa = PBXBuildFile; fileRef = 33EDCC5426B17A9600F508E9 /* SceneDelegate.swift */; };
		33EDCC5726B17A9600F508E9 /* MovieSearchViewController.swift in Sources */ = {isa = PBXBuildFile; fileRef = 33EDCC5626B17A9600F508E9 /* MovieSearchViewController.swift */; };
		33EDCC5A26B17A9600F508E9 /* Main.storyboard in Resources */ = {isa = PBXBuildFile; fileRef = 33EDCC5826B17A9600F508E9 /* Main.storyboard */; };
		33EDCC5C26B17A9800F508E9 /* Assets.xcassets in Resources */ = {isa = PBXBuildFile; fileRef = 33EDCC5B26B17A9800F508E9 /* Assets.xcassets */; };
		33EDCC5F26B17A9800F508E9 /* LaunchScreen.storyboard in Resources */ = {isa = PBXBuildFile; fileRef = 33EDCC5D26B17A9800F508E9 /* LaunchScreen.storyboard */; };
		33EDCC6726B17E4800F508E9 /* MovieSearchViewReactor.swift in Sources */ = {isa = PBXBuildFile; fileRef = 33EDCC6626B17E4800F508E9 /* MovieSearchViewReactor.swift */; };
/* End PBXBuildFile section */

/* Begin PBXFileReference section */
		330D892526B24E3500710A88 /* MovieSearchModel.swift */ = {isa = PBXFileReference; lastKnownFileType = sourcecode.swift; path = MovieSearchModel.swift; sourceTree = "<group>"; };
		330D892726B2817500710A88 /* MovieTableViewCell.swift */ = {isa = PBXFileReference; lastKnownFileType = sourcecode.swift; path = MovieTableViewCell.swift; sourceTree = "<group>"; };
		330D892926B28D9F00710A88 /* Role.swift */ = {isa = PBXFileReference; lastKnownFileType = sourcecode.swift; path = Role.swift; sourceTree = "<group>"; };
		33EDCC4F26B17A9600F508E9 /* movieSearch.app */ = {isa = PBXFileReference; explicitFileType = wrapper.application; includeInIndex = 0; path = movieSearch.app; sourceTree = BUILT_PRODUCTS_DIR; };
		33EDCC5226B17A9600F508E9 /* AppDelegate.swift */ = {isa = PBXFileReference; lastKnownFileType = sourcecode.swift; path = AppDelegate.swift; sourceTree = "<group>"; };
		33EDCC5426B17A9600F508E9 /* SceneDelegate.swift */ = {isa = PBXFileReference; lastKnownFileType = sourcecode.swift; path = SceneDelegate.swift; sourceTree = "<group>"; };
		33EDCC5626B17A9600F508E9 /* MovieSearchViewController.swift */ = {isa = PBXFileReference; lastKnownFileType = sourcecode.swift; path = MovieSearchViewController.swift; sourceTree = "<group>"; };
		33EDCC5926B17A9600F508E9 /* Base */ = {isa = PBXFileReference; lastKnownFileType = file.storyboard; name = Base; path = Base.lproj/Main.storyboard; sourceTree = "<group>"; };
		33EDCC5B26B17A9800F508E9 /* Assets.xcassets */ = {isa = PBXFileReference; lastKnownFileType = folder.assetcatalog; path = Assets.xcassets; sourceTree = "<group>"; };
		33EDCC5E26B17A9800F508E9 /* Base */ = {isa = PBXFileReference; lastKnownFileType = file.storyboard; name = Base; path = Base.lproj/LaunchScreen.storyboard; sourceTree = "<group>"; };
		33EDCC6026B17A9800F508E9 /* Info.plist */ = {isa = PBXFileReference; lastKnownFileType = text.plist.xml; path = Info.plist; sourceTree = "<group>"; };
		33EDCC6626B17E4800F508E9 /* MovieSearchViewReactor.swift */ = {isa = PBXFileReference; lastKnownFileType = sourcecode.swift; path = MovieSearchViewReactor.swift; sourceTree = "<group>"; };
		482051CC5A2930B93B559C0C /* Pods-movieSearch.release.xcconfig */ = {isa = PBXFileReference; includeInIndex = 1; lastKnownFileType = text.xcconfig; name = "Pods-movieSearch.release.xcconfig"; path = "Target Support Files/Pods-movieSearch/Pods-movieSearch.release.xcconfig"; sourceTree = "<group>"; };
		97034DB844A2512A4F95C811 /* Pods-movieSearch.debug.xcconfig */ = {isa = PBXFileReference; includeInIndex = 1; lastKnownFileType = text.xcconfig; name = "Pods-movieSearch.debug.xcconfig"; path = "Target Support Files/Pods-movieSearch/Pods-movieSearch.debug.xcconfig"; sourceTree = "<group>"; };
		AA04F69B0900BD69AE5CF9F4 /* Pods_movieSearch.framework */ = {isa = PBXFileReference; explicitFileType = wrapper.framework; includeInIndex = 0; path = Pods_movieSearch.framework; sourceTree = BUILT_PRODUCTS_DIR; };
/* End PBXFileReference section */

/* Begin PBXFrameworksBuildPhase section */
		33EDCC4C26B17A9500F508E9 /* Frameworks */ = {
			isa = PBXFrameworksBuildPhase;
			buildActionMask = 2147483647;
			files = (
				1F92E6511F03EDB591696172 /* Pods_movieSearch.framework in Frameworks */,
			);
			runOnlyForDeploymentPostprocessing = 0;
		};
/* End PBXFrameworksBuildPhase section */

/* Begin PBXGroup section */
		33EDCC4626B17A9500F508E9 = {
			isa = PBXGroup;
			children = (
				33EDCC5126B17A9600F508E9 /* movieSearch */,
				33EDCC5026B17A9600F508E9 /* Products */,
				7C7FB1FC00CBC29E0A068DC6 /* Pods */,
				E4D60D667F6BDD31F824121D /* Frameworks */,
			);
			sourceTree = "<group>";
		};
		33EDCC5026B17A9600F508E9 /* Products */ = {
			isa = PBXGroup;
			children = (
				33EDCC4F26B17A9600F508E9 /* movieSearch.app */,
			);
			name = Products;
			sourceTree = "<group>";
		};
		33EDCC5126B17A9600F508E9 /* movieSearch */ = {
			isa = PBXGroup;
			children = (
				33EDCC5226B17A9600F508E9 /* AppDelegate.swift */,
				33EDCC5426B17A9600F508E9 /* SceneDelegate.swift */,
				33EDCC5626B17A9600F508E9 /* MovieSearchViewController.swift */,
				33EDCC6626B17E4800F508E9 /* MovieSearchViewReactor.swift */,
				33EDCC5826B17A9600F508E9 /* Main.storyboard */,
				33EDCC5B26B17A9800F508E9 /* Assets.xcassets */,
				33EDCC5D26B17A9800F508E9 /* LaunchScreen.storyboard */,
				33EDCC6026B17A9800F508E9 /* Info.plist */,
				330D892526B24E3500710A88 /* MovieSearchModel.swift */,
				330D892726B2817500710A88 /* MovieTableViewCell.swift */,
				330D892926B28D9F00710A88 /* Role.swift */,
			);
			path = movieSearch;
			sourceTree = "<group>";
		};
		7C7FB1FC00CBC29E0A068DC6 /* Pods */ = {
			isa = PBXGroup;
			children = (
				97034DB844A2512A4F95C811 /* Pods-movieSearch.debug.xcconfig */,
				482051CC5A2930B93B559C0C /* Pods-movieSearch.release.xcconfig */,
			);
			path = Pods;
			sourceTree = "<group>";
		};
		E4D60D667F6BDD31F824121D /* Frameworks */ = {
			isa = PBXGroup;
			children = (
				AA04F69B0900BD69AE5CF9F4 /* Pods_movieSearch.framework */,
			);
			name = Frameworks;
			sourceTree = "<group>";
		};
/* End PBXGroup section */

/* Begin PBXNativeTarget section */
		33EDCC4E26B17A9500F508E9 /* movieSearch */ = {
			isa = PBXNativeTarget;
			buildConfigurationList = 33EDCC6326B17A9800F508E9 /* Build configuration list for PBXNativeTarget "movieSearch" */;
			buildPhases = (
				E748F5E2F6098A1D4143B3BA /* [CP] Check Pods Manifest.lock */,
				33EDCC4B26B17A9500F508E9 /* Sources */,
				33EDCC4C26B17A9500F508E9 /* Frameworks */,
				33EDCC4D26B17A9500F508E9 /* Resources */,
				E1BE245127E72A3D3E2FBA7E /* [CP] Embed Pods Frameworks */,
			);
			buildRules = (
			);
			dependencies = (
			);
			name = movieSearch;
			productName = movieSearch;
			productReference = 33EDCC4F26B17A9600F508E9 /* movieSearch.app */;
			productType = "com.apple.product-type.application";
		};
/* End PBXNativeTarget section */

/* Begin PBXProject section */
		33EDCC4726B17A9500F508E9 /* Project object */ = {
			isa = PBXProject;
			attributes = {
				LastSwiftUpdateCheck = 1250;
				LastUpgradeCheck = 1250;
				TargetAttributes = {
					33EDCC4E26B17A9500F508E9 = {
						CreatedOnToolsVersion = 12.5.1;
					};
				};
			};
			buildConfigurationList = 33EDCC4A26B17A9500F508E9 /* Build configuration list for PBXProject "movieSearch" */;
			compatibilityVersion = "Xcode 9.3";
			developmentRegion = en;
			hasScannedForEncodings = 0;
			knownRegions = (
				en,
				Base,
			);
			mainGroup = 33EDCC4626B17A9500F508E9;
			productRefGroup = 33EDCC5026B17A9600F508E9 /* Products */;
			projectDirPath = "";
			projectRoot = "";
			targets = (
				33EDCC4E26B17A9500F508E9 /* movieSearch */,
			);
		};
/* End PBXProject section */

/* Begin PBXResourcesBuildPhase section */
		33EDCC4D26B17A9500F508E9 /* Resources */ = {
			isa = PBXResourcesBuildPhase;
			buildActionMask = 2147483647;
			files = (
				33EDCC5F26B17A9800F508E9 /* LaunchScreen.storyboard in Resources */,
				33EDCC5C26B17A9800F508E9 /* Assets.xcassets in Resources */,
				33EDCC5A26B17A9600F508E9 /* Main.storyboard in Resources */,
			);
			runOnlyForDeploymentPostprocessing = 0;
		};
/* End PBXResourcesBuildPhase section */

/* Begin PBXShellScriptBuildPhase section */
		E1BE245127E72A3D3E2FBA7E /* [CP] Embed Pods Frameworks */ = {
			isa = PBXShellScriptBuildPhase;
			buildActionMask = 2147483647;
			files = (
			);
			inputFileListPaths = (
				"${PODS_ROOT}/Target Support Files/Pods-movieSearch/Pods-movieSearch-frameworks-${CONFIGURATION}-input-files.xcfilelist",
			);
			name = "[CP] Embed Pods Frameworks";
			outputFileListPaths = (
				"${PODS_ROOT}/Target Support Files/Pods-movieSearch/Pods-movieSearch-frameworks-${CONFIGURATION}-output-files.xcfilelist",
			);
			runOnlyForDeploymentPostprocessing = 0;
			shellPath = /bin/sh;
			shellScript = "\"${PODS_ROOT}/Target Support Files/Pods-movieSearch/Pods-movieSearch-frameworks.sh\"\n";
			showEnvVarsInLog = 0;
		};
		E748F5E2F6098A1D4143B3BA /* [CP] Check Pods Manifest.lock */ = {
			isa = PBXShellScriptBuildPhase;
			buildActionMask = 2147483647;
			files = (
			);
			inputFileListPaths = (
			);
			inputPaths = (
				"${PODS_PODFILE_DIR_PATH}/Podfile.lock",
				"${PODS_ROOT}/Manifest.lock",
			);
			name = "[CP] Check Pods Manifest.lock";
			outputFileListPaths = (
			);
			outputPaths = (
				"$(DERIVED_FILE_DIR)/Pods-movieSearch-checkManifestLockResult.txt",
			);
			runOnlyForDeploymentPostprocessing = 0;
			shellPath = /bin/sh;
			shellScript = "diff \"${PODS_PODFILE_DIR_PATH}/Podfile.lock\" \"${PODS_ROOT}/Manifest.lock\" > /dev/null\nif [ $? != 0 ] ; then\n    # print error to STDERR\n    echo \"error: The sandbox is not in sync with the Podfile.lock. Run 'pod install' or update your CocoaPods installation.\" >&2\n    exit 1\nfi\n# This output is used by Xcode 'outputs' to avoid re-running this script phase.\necho \"SUCCESS\" > \"${SCRIPT_OUTPUT_FILE_0}\"\n";
			showEnvVarsInLog = 0;
		};
/* End PBXShellScriptBuildPhase section */

/* Begin PBXSourcesBuildPhase section */
		33EDCC4B26B17A9500F508E9 /* Sources */ = {
			isa = PBXSourcesBuildPhase;
			buildActionMask = 2147483647;
			files = (
				33EDCC5726B17A9600F508E9 /* MovieSearchViewController.swift in Sources */,
				330D892A26B28D9F00710A88 /* Role.swift in Sources */,
				33EDCC6726B17E4800F508E9 /* MovieSearchViewReactor.swift in Sources */,
				330D892826B2817500710A88 /* MovieTableViewCell.swift in Sources */,
				330D892626B24E3500710A88 /* MovieSearchModel.swift in Sources */,
				33EDCC5326B17A9600F508E9 /* AppDelegate.swift in Sources */,
				33EDCC5526B17A9600F508E9 /* SceneDelegate.swift in Sources */,
			);
			runOnlyForDeploymentPostprocessing = 0;
		};
/* End PBXSourcesBuildPhase section */

/* Begin PBXVariantGroup section */
		33EDCC5826B17A9600F508E9 /* Main.storyboard */ = {
			isa = PBXVariantGroup;
			children = (
				33EDCC5926B17A9600F508E9 /* Base */,
			);
			name = Main.storyboard;
			sourceTree = "<group>";
		};
		33EDCC5D26B17A9800F508E9 /* LaunchScreen.storyboard */ = {
			isa = PBXVariantGroup;
			children = (
				33EDCC5E26B17A9800F508E9 /* Base */,
			);
			name = LaunchScreen.storyboard;
			sourceTree = "<group>";
		};
/* End PBXVariantGroup section */

/* Begin XCBuildConfiguration section */
		33EDCC6126B17A9800F508E9 /* Debug */ = {
			isa = XCBuildConfiguration;
			buildSettings = {
				ALWAYS_SEARCH_USER_PATHS = NO;
				CLANG_ANALYZER_NONNULL = YES;
				CLANG_ANALYZER_NUMBER_OBJECT_CONVERSION = YES_AGGRESSIVE;
				CLANG_CXX_LANGUAGE_STANDARD = "gnu++14";
				CLANG_CXX_LIBRARY = "libc++";
				CLANG_ENABLE_MODULES = YES;
				CLANG_ENABLE_OBJC_ARC = YES;
				CLANG_ENABLE_OBJC_WEAK = YES;
				CLANG_WARN_BLOCK_CAPTURE_AUTORELEASING = YES;
				CLANG_WARN_BOOL_CONVERSION = YES;
				CLANG_WARN_COMMA = YES;
				CLANG_WARN_CONSTANT_CONVERSION = YES;
				CLANG_WARN_DEPRECATED_OBJC_IMPLEMENTATIONS = YES;
				CLANG_WARN_DIRECT_OBJC_ISA_USAGE = YES_ERROR;
				CLANG_WARN_DOCUMENTATION_COMMENTS = YES;
				CLANG_WARN_EMPTY_BODY = YES;
				CLANG_WARN_ENUM_CONVERSION = YES;
				CLANG_WARN_INFINITE_RECURSION = YES;
				CLANG_WARN_INT_CONVERSION = YES;
				CLANG_WARN_NON_LITERAL_NULL_CONVERSION = YES;
				CLANG_WARN_OBJC_IMPLICIT_RETAIN_SELF = YES;
				CLANG_WARN_OBJC_LITERAL_CONVERSION = YES;
				CLANG_WARN_OBJC_ROOT_CLASS = YES_ERROR;
				CLANG_WARN_QUOTED_INCLUDE_IN_FRAMEWORK_HEADER = YES;
				CLANG_WARN_RANGE_LOOP_ANALYSIS = YES;
				CLANG_WARN_STRICT_PROTOTYPES = YES;
				CLANG_WARN_SUSPICIOUS_MOVE = YES;
				CLANG_WARN_UNGUARDED_AVAILABILITY = YES_AGGRESSIVE;
				CLANG_WARN_UNREACHABLE_CODE = YES;
				CLANG_WARN__DUPLICATE_METHOD_MATCH = YES;
				COPY_PHASE_STRIP = NO;
				DEBUG_INFORMATION_FORMAT = dwarf;
				ENABLE_STRICT_OBJC_MSGSEND = YES;
				ENABLE_TESTABILITY = YES;
				GCC_C_LANGUAGE_STANDARD = gnu11;
				GCC_DYNAMIC_NO_PIC = NO;
				GCC_NO_COMMON_BLOCKS = YES;
				GCC_OPTIMIZATION_LEVEL = 0;
				GCC_PREPROCESSOR_DEFINITIONS = (
					"DEBUG=1",
					"$(inherited)",
				);
				GCC_WARN_64_TO_32_BIT_CONVERSION = YES;
				GCC_WARN_ABOUT_RETURN_TYPE = YES_ERROR;
				GCC_WARN_UNDECLARED_SELECTOR = YES;
				GCC_WARN_UNINITIALIZED_AUTOS = YES_AGGRESSIVE;
				GCC_WARN_UNUSED_FUNCTION = YES;
				GCC_WARN_UNUSED_VARIABLE = YES;
				IPHONEOS_DEPLOYMENT_TARGET = 14.5;
				MTL_ENABLE_DEBUG_INFO = INCLUDE_SOURCE;
				MTL_FAST_MATH = YES;
				ONLY_ACTIVE_ARCH = YES;
				SDKROOT = iphoneos;
				SWIFT_ACTIVE_COMPILATION_CONDITIONS = DEBUG;
				SWIFT_OPTIMIZATION_LEVEL = "-Onone";
			};
			name = Debug;
		};
		33EDCC6226B17A9800F508E9 /* Release */ = {
			isa = XCBuildConfiguration;
			buildSettings = {
				ALWAYS_SEARCH_USER_PATHS = NO;
				CLANG_ANALYZER_NONNULL = YES;
				CLANG_ANALYZER_NUMBER_OBJECT_CONVERSION = YES_AGGRESSIVE;
				CLANG_CXX_LANGUAGE_STANDARD = "gnu++14";
				CLANG_CXX_LIBRARY = "libc++";
				CLANG_ENABLE_MODULES = YES;
				CLANG_ENABLE_OBJC_ARC = YES;
				CLANG_ENABLE_OBJC_WEAK = YES;
				CLANG_WARN_BLOCK_CAPTURE_AUTORELEASING = YES;
				CLANG_WARN_BOOL_CONVERSION = YES;
				CLANG_WARN_COMMA = YES;
				CLANG_WARN_CONSTANT_CONVERSION = YES;
				CLANG_WARN_DEPRECATED_OBJC_IMPLEMENTATIONS = YES;
				CLANG_WARN_DIRECT_OBJC_ISA_USAGE = YES_ERROR;
				CLANG_WARN_DOCUMENTATION_COMMENTS = YES;
				CLANG_WARN_EMPTY_BODY = YES;
				CLANG_WARN_ENUM_CONVERSION = YES;
				CLANG_WARN_INFINITE_RECURSION = YES;
				CLANG_WARN_INT_CONVERSION = YES;
				CLANG_WARN_NON_LITERAL_NULL_CONVERSION = YES;
				CLANG_WARN_OBJC_IMPLICIT_RETAIN_SELF = YES;
				CLANG_WARN_OBJC_LITERAL_CONVERSION = YES;
				CLANG_WARN_OBJC_ROOT_CLASS = YES_ERROR;
				CLANG_WARN_QUOTED_INCLUDE_IN_FRAMEWORK_HEADER = YES;
				CLANG_WARN_RANGE_LOOP_ANALYSIS = YES;
				CLANG_WARN_STRICT_PROTOTYPES = YES;
				CLANG_WARN_SUSPICIOUS_MOVE = YES;
				CLANG_WARN_UNGUARDED_AVAILABILITY = YES_AGGRESSIVE;
				CLANG_WARN_UNREACHABLE_CODE = YES;
				CLANG_WARN__DUPLICATE_METHOD_MATCH = YES;
				COPY_PHASE_STRIP = NO;
				DEBUG_INFORMATION_FORMAT = "dwarf-with-dsym";
				ENABLE_NS_ASSERTIONS = NO;
				ENABLE_STRICT_OBJC_MSGSEND = YES;
				GCC_C_LANGUAGE_STANDARD = gnu11;
				GCC_NO_COMMON_BLOCKS = YES;
				GCC_WARN_64_TO_32_BIT_CONVERSION = YES;
				GCC_WARN_ABOUT_RETURN_TYPE = YES_ERROR;
				GCC_WARN_UNDECLARED_SELECTOR = YES;
				GCC_WARN_UNINITIALIZED_AUTOS = YES_AGGRESSIVE;
				GCC_WARN_UNUSED_FUNCTION = YES;
				GCC_WARN_UNUSED_VARIABLE = YES;
				IPHONEOS_DEPLOYMENT_TARGET = 14.5;
				MTL_ENABLE_DEBUG_INFO = NO;
				MTL_FAST_MATH = YES;
				SDKROOT = iphoneos;
				SWIFT_COMPILATION_MODE = wholemodule;
				SWIFT_OPTIMIZATION_LEVEL = "-O";
				VALIDATE_PRODUCT = YES;
			};
			name = Release;
		};
		33EDCC6426B17A9800F508E9 /* Debug */ = {
			isa = XCBuildConfiguration;
			baseConfigurationReference = 97034DB844A2512A4F95C811 /* Pods-movieSearch.debug.xcconfig */;
			buildSettings = {
				ASSETCATALOG_COMPILER_APPICON_NAME = AppIcon;
				ASSETCATALOG_COMPILER_GLOBAL_ACCENT_COLOR_NAME = AccentColor;
				CODE_SIGN_STYLE = Automatic;
				INFOPLIST_FILE = movieSearch/Info.plist;
				LD_RUNPATH_SEARCH_PATHS = (
					"$(inherited)",
					"@executable_path/Frameworks",
				);
				PRODUCT_BUNDLE_IDENTIFIER = me.kiljh.movieSearch;
				PRODUCT_NAME = "$(TARGET_NAME)";
				SWIFT_VERSION = 5.0;
				TARGETED_DEVICE_FAMILY = "1,2";
			};
			name = Debug;
		};
		33EDCC6526B17A9800F508E9 /* Release */ = {
			isa = XCBuildConfiguration;
			baseConfigurationReference = 482051CC5A2930B93B559C0C /* Pods-movieSearch.release.xcconfig */;
			buildSettings = {
				ASSETCATALOG_COMPILER_APPICON_NAME = AppIcon;
				ASSETCATALOG_COMPILER_GLOBAL_ACCENT_COLOR_NAME = AccentColor;
				CODE_SIGN_STYLE = Automatic;
				INFOPLIST_FILE = movieSearch/Info.plist;
				LD_RUNPATH_SEARCH_PATHS = (
					"$(inherited)",
					"@executable_path/Frameworks",
				);
				PRODUCT_BUNDLE_IDENTIFIER = me.kiljh.movieSearch;
				PRODUCT_NAME = "$(TARGET_NAME)";
				SWIFT_VERSION = 5.0;
				TARGETED_DEVICE_FAMILY = "1,2";
			};
			name = Release;
		};
/* End XCBuildConfiguration section */

/* Begin XCConfigurationList section */
		33EDCC4A26B17A9500F508E9 /* Build configuration list for PBXProject "movieSearch" */ = {
			isa = XCConfigurationList;
			buildConfigurations = (
				33EDCC6126B17A9800F508E9 /* Debug */,
				33EDCC6226B17A9800F508E9 /* Release */,
			);
			defaultConfigurationIsVisible = 0;
			defaultConfigurationName = Release;
		};
		33EDCC6326B17A9800F508E9 /* Build configuration list for PBXNativeTarget "movieSearch" */ = {
			isa = XCConfigurationList;
			buildConfigurations = (
				33EDCC6426B17A9800F508E9 /* Debug */,
				33EDCC6526B17A9800F508E9 /* Release */,
			);
			defaultConfigurationIsVisible = 0;
			defaultConfigurationName = Release;
		};
/* End XCConfigurationList section */
	};
	rootObject = 33EDCC4726B17A9500F508E9 /* Project object */;
}
